// !$*UTF8*$!
{
	archiveVersion = 1;
	classes = {
	};
	objectVersion = 55;
	objects = {

/* Begin PBXBuildFile section */
		3B069CD327140FCE000B1F3F /* CoinImageView.swift in Sources */ = {isa = PBXBuildFile; fileRef = 3B069CD227140FCE000B1F3F /* CoinImageView.swift */; };
		3B069CD527141145000B1F3F /* CoinImageService.swift in Sources */ = {isa = PBXBuildFile; fileRef = 3B069CD427141145000B1F3F /* CoinImageService.swift */; };
		3B069CD7271412B1000B1F3F /* CoinImageViewModel.swift in Sources */ = {isa = PBXBuildFile; fileRef = 3B069CD6271412B1000B1F3F /* CoinImageViewModel.swift */; };
		3B2F24EB271FE37000D7F8EA /* SettingsView.swift in Sources */ = {isa = PBXBuildFile; fileRef = 3B2F24EA271FE37000D7F8EA /* SettingsView.swift */; };
		3B2F24EE271FEE8E00D7F8EA /* LaunchScreen.storyboard in Resources */ = {isa = PBXBuildFile; fileRef = 3B2F24ED271FEE8E00D7F8EA /* LaunchScreen.storyboard */; };
		3B2F24F1271FF04600D7F8EA /* LaunchView.swift in Sources */ = {isa = PBXBuildFile; fileRef = 3B2F24F0271FF04600D7F8EA /* LaunchView.swift */; };
		3BA47530271BF65A00A6E158 /* PortfolioView.swift in Sources */ = {isa = PBXBuildFile; fileRef = 3BA4752F271BF65A00A6E158 /* PortfolioView.swift */; };
		3BA47532271BF72100A6E158 /* XMarkButton.swift in Sources */ = {isa = PBXBuildFile; fileRef = 3BA47531271BF72100A6E158 /* XMarkButton.swift */; };
		3BA47534271BF97400A6E158 /* CoinLogoView.swift in Sources */ = {isa = PBXBuildFile; fileRef = 3BA47533271BF97400A6E158 /* CoinLogoView.swift */; };
		3BA47537271C062900A6E158 /* PortfolioContainer.xcdatamodeld in Sources */ = {isa = PBXBuildFile; fileRef = 3BA47535271C062900A6E158 /* PortfolioContainer.xcdatamodeld */; };
		3BA47539271C069B00A6E158 /* PortfolioDataService.swift in Sources */ = {isa = PBXBuildFile; fileRef = 3BA47538271C069B00A6E158 /* PortfolioDataService.swift */; };
		3BA4753B271C3B9700A6E158 /* HapticManager.swift in Sources */ = {isa = PBXBuildFile; fileRef = 3BA4753A271C3B9700A6E158 /* HapticManager.swift */; };
		3BA7B08C2713053C002CB934 /* CryptoCurrencyApp.swift in Sources */ = {isa = PBXBuildFile; fileRef = 3BA7B08B2713053C002CB934 /* CryptoCurrencyApp.swift */; };
		3BA7B08E2713053C002CB934 /* ContentView.swift in Sources */ = {isa = PBXBuildFile; fileRef = 3BA7B08D2713053C002CB934 /* ContentView.swift */; };
		3BA7B0932713053E002CB934 /* Preview Assets.xcassets in Resources */ = {isa = PBXBuildFile; fileRef = 3BA7B0922713053E002CB934 /* Preview Assets.xcassets */; };
		3BA7B09D2713061A002CB934 /* Color.swift in Sources */ = {isa = PBXBuildFile; fileRef = 3BA7B09C2713061A002CB934 /* Color.swift */; };
		3BA7B0A3271307C7002CB934 /* HomeView.swift in Sources */ = {isa = PBXBuildFile; fileRef = 3BA7B0A2271307C7002CB934 /* HomeView.swift */; };
		3BA7B0A7271308B4002CB934 /* CircleButtonView.swift in Sources */ = {isa = PBXBuildFile; fileRef = 3BA7B0A6271308B4002CB934 /* CircleButtonView.swift */; };
		3BA7B0A927130BD0002CB934 /* CircleButtonAnimationView.swift in Sources */ = {isa = PBXBuildFile; fileRef = 3BA7B0A827130BD0002CB934 /* CircleButtonAnimationView.swift */; };
		3BA7B0AC27130F1B002CB934 /* CoinModel.swift in Sources */ = {isa = PBXBuildFile; fileRef = 3BA7B0AB27130F1B002CB934 /* CoinModel.swift */; };
		3BA7B0AE27131C1C002CB934 /* CoinRowView.swift in Sources */ = {isa = PBXBuildFile; fileRef = 3BA7B0AD27131C1C002CB934 /* CoinRowView.swift */; };
		3BA7B0B027131C7A002CB934 /* PreviewProvider.swift in Sources */ = {isa = PBXBuildFile; fileRef = 3BA7B0AF27131C7A002CB934 /* PreviewProvider.swift */; };
		3BA7B0B227131F9E002CB934 /* Double.swift in Sources */ = {isa = PBXBuildFile; fileRef = 3BA7B0B127131F9E002CB934 /* Double.swift */; };
		3BA7B0B42713291A002CB934 /* HomeViewModel.swift in Sources */ = {isa = PBXBuildFile; fileRef = 3BA7B0B32713291A002CB934 /* HomeViewModel.swift */; };
		3BA7B0B7271338A4002CB934 /* CoinDataService.swift in Sources */ = {isa = PBXBuildFile; fileRef = 3BA7B0B6271338A4002CB934 /* CoinDataService.swift */; };
		3BA7B0BA271361F9002CB934 /* NetworkingManager.swift in Sources */ = {isa = PBXBuildFile; fileRef = 3BA7B0B9271361F9002CB934 /* NetworkingManager.swift */; };
		3BF93494271AF4AD009EBC45 /* Assets.xcassets in Resources */ = {isa = PBXBuildFile; fileRef = 3BF93493271AF4AD009EBC45 /* Assets.xcassets */; };
		3BF93498271AF545009EBC45 /* LocalFileManager.swift in Sources */ = {isa = PBXBuildFile; fileRef = 3BF93497271AF545009EBC45 /* LocalFileManager.swift */; };
		3BF9349A271B06AF009EBC45 /* SearchBarView.swift in Sources */ = {isa = PBXBuildFile; fileRef = 3BF93499271B06AF009EBC45 /* SearchBarView.swift */; };
		3BF9349C271B0C9C009EBC45 /* UIApplication.swift in Sources */ = {isa = PBXBuildFile; fileRef = 3BF9349B271B0C9C009EBC45 /* UIApplication.swift */; };
		3BF9349E271B1294009EBC45 /* StatisticModel.swift in Sources */ = {isa = PBXBuildFile; fileRef = 3BF9349D271B1294009EBC45 /* StatisticModel.swift */; };
		3BF934A0271B13C9009EBC45 /* StatisticView.swift in Sources */ = {isa = PBXBuildFile; fileRef = 3BF9349F271B13C9009EBC45 /* StatisticView.swift */; };
		3BF934A2271B164F009EBC45 /* HomeStatsView.swift in Sources */ = {isa = PBXBuildFile; fileRef = 3BF934A1271B164F009EBC45 /* HomeStatsView.swift */; };
		3BF934A6271B1F2D009EBC45 /* MarketDataModel.swift in Sources */ = {isa = PBXBuildFile; fileRef = 3BF934A5271B1F2D009EBC45 /* MarketDataModel.swift */; };
		3BF934A8271B2AA8009EBC45 /* MarketDataService.swift in Sources */ = {isa = PBXBuildFile; fileRef = 3BF934A7271B2AA8009EBC45 /* MarketDataService.swift */; };
		3BFD69FA271ED1A300DFB831 /* DetailView.swift in Sources */ = {isa = PBXBuildFile; fileRef = 3BFD69F9271ED1A300DFB831 /* DetailView.swift */; };
		3BFD69FC271EDD1600DFB831 /* CoinDetailModel.swift in Sources */ = {isa = PBXBuildFile; fileRef = 3BFD69FB271EDD1600DFB831 /* CoinDetailModel.swift */; };
		3BFD69FE271EDD5C00DFB831 /* String.swift in Sources */ = {isa = PBXBuildFile; fileRef = 3BFD69FD271EDD5C00DFB831 /* String.swift */; };
		3BFD6A00271EDDB100DFB831 /* DetailViewModel.swift in Sources */ = {isa = PBXBuildFile; fileRef = 3BFD69FF271EDDB100DFB831 /* DetailViewModel.swift */; };
		3BFD6A02271EDDEF00DFB831 /* CoinDetailDataService.swift in Sources */ = {isa = PBXBuildFile; fileRef = 3BFD6A01271EDDEF00DFB831 /* CoinDetailDataService.swift */; };
		3BFD6A04271F033200DFB831 /* ChartView.swift in Sources */ = {isa = PBXBuildFile; fileRef = 3BFD6A03271F033200DFB831 /* ChartView.swift */; };
		3BFD6A06271F0A4100DFB831 /* Date.swift in Sources */ = {isa = PBXBuildFile; fileRef = 3BFD6A05271F0A4100DFB831 /* Date.swift */; };
/* End PBXBuildFile section */

/* Begin PBXFileReference section */
		3B069CD227140FCE000B1F3F /* CoinImageView.swift */ = {isa = PBXFileReference; lastKnownFileType = sourcecode.swift; path = CoinImageView.swift; sourceTree = "<group>"; };
		3B069CD427141145000B1F3F /* CoinImageService.swift */ = {isa = PBXFileReference; lastKnownFileType = sourcecode.swift; path = CoinImageService.swift; sourceTree = "<group>"; };
		3B069CD6271412B1000B1F3F /* CoinImageViewModel.swift */ = {isa = PBXFileReference; lastKnownFileType = sourcecode.swift; path = CoinImageViewModel.swift; sourceTree = "<group>"; };
		3B2F24EA271FE37000D7F8EA /* SettingsView.swift */ = {isa = PBXFileReference; lastKnownFileType = sourcecode.swift; path = SettingsView.swift; sourceTree = "<group>"; };
		3B2F24ED271FEE8E00D7F8EA /* LaunchScreen.storyboard */ = {isa = PBXFileReference; lastKnownFileType = file.storyboard; path = LaunchScreen.storyboard; sourceTree = "<group>"; };
		3B2F24F0271FF04600D7F8EA /* LaunchView.swift */ = {isa = PBXFileReference; lastKnownFileType = sourcecode.swift; path = LaunchView.swift; sourceTree = "<group>"; };
		3BA4752F271BF65A00A6E158 /* PortfolioView.swift */ = {isa = PBXFileReference; lastKnownFileType = sourcecode.swift; path = PortfolioView.swift; sourceTree = "<group>"; };
		3BA47531271BF72100A6E158 /* XMarkButton.swift */ = {isa = PBXFileReference; lastKnownFileType = sourcecode.swift; path = XMarkButton.swift; sourceTree = "<group>"; };
		3BA47533271BF97400A6E158 /* CoinLogoView.swift */ = {isa = PBXFileReference; lastKnownFileType = sourcecode.swift; path = CoinLogoView.swift; sourceTree = "<group>"; };
		3BA47536271C062900A6E158 /* PortfolioContainer.xcdatamodel */ = {isa = PBXFileReference; lastKnownFileType = wrapper.xcdatamodel; path = PortfolioContainer.xcdatamodel; sourceTree = "<group>"; };
		3BA47538271C069B00A6E158 /* PortfolioDataService.swift */ = {isa = PBXFileReference; lastKnownFileType = sourcecode.swift; path = PortfolioDataService.swift; sourceTree = "<group>"; };
		3BA4753A271C3B9700A6E158 /* HapticManager.swift */ = {isa = PBXFileReference; lastKnownFileType = sourcecode.swift; path = HapticManager.swift; sourceTree = "<group>"; };
		3BA7B0882713053C002CB934 /* Crypto Tracker.app */ = {isa = PBXFileReference; explicitFileType = wrapper.application; includeInIndex = 0; path = "Crypto Tracker.app"; sourceTree = BUILT_PRODUCTS_DIR; };
		3BA7B08B2713053C002CB934 /* CryptoCurrencyApp.swift */ = {isa = PBXFileReference; lastKnownFileType = sourcecode.swift; path = CryptoCurrencyApp.swift; sourceTree = "<group>"; };
		3BA7B08D2713053C002CB934 /* ContentView.swift */ = {isa = PBXFileReference; lastKnownFileType = sourcecode.swift; path = ContentView.swift; sourceTree = "<group>"; };
		3BA7B0922713053E002CB934 /* Preview Assets.xcassets */ = {isa = PBXFileReference; lastKnownFileType = folder.assetcatalog; path = "Preview Assets.xcassets"; sourceTree = "<group>"; };
		3BA7B09C2713061A002CB934 /* Color.swift */ = {isa = PBXFileReference; lastKnownFileType = sourcecode.swift; path = Color.swift; sourceTree = "<group>"; };
		3BA7B0A2271307C7002CB934 /* HomeView.swift */ = {isa = PBXFileReference; lastKnownFileType = sourcecode.swift; path = HomeView.swift; sourceTree = "<group>"; };
		3BA7B0A6271308B4002CB934 /* CircleButtonView.swift */ = {isa = PBXFileReference; lastKnownFileType = sourcecode.swift; path = CircleButtonView.swift; sourceTree = "<group>"; };
		3BA7B0A827130BD0002CB934 /* CircleButtonAnimationView.swift */ = {isa = PBXFileReference; lastKnownFileType = sourcecode.swift; path = CircleButtonAnimationView.swift; sourceTree = "<group>"; };
		3BA7B0AB27130F1B002CB934 /* CoinModel.swift */ = {isa = PBXFileReference; lastKnownFileType = sourcecode.swift; path = CoinModel.swift; sourceTree = "<group>"; };
		3BA7B0AD27131C1C002CB934 /* CoinRowView.swift */ = {isa = PBXFileReference; lastKnownFileType = sourcecode.swift; path = CoinRowView.swift; sourceTree = "<group>"; };
		3BA7B0AF27131C7A002CB934 /* PreviewProvider.swift */ = {isa = PBXFileReference; lastKnownFileType = sourcecode.swift; path = PreviewProvider.swift; sourceTree = "<group>"; };
		3BA7B0B127131F9E002CB934 /* Double.swift */ = {isa = PBXFileReference; lastKnownFileType = sourcecode.swift; path = Double.swift; sourceTree = "<group>"; };
		3BA7B0B32713291A002CB934 /* HomeViewModel.swift */ = {isa = PBXFileReference; lastKnownFileType = sourcecode.swift; path = HomeViewModel.swift; sourceTree = "<group>"; };
		3BA7B0B6271338A4002CB934 /* CoinDataService.swift */ = {isa = PBXFileReference; lastKnownFileType = sourcecode.swift; path = CoinDataService.swift; sourceTree = "<group>"; };
		3BA7B0B9271361F9002CB934 /* NetworkingManager.swift */ = {isa = PBXFileReference; lastKnownFileType = sourcecode.swift; path = NetworkingManager.swift; sourceTree = "<group>"; };
		3BF93493271AF4AD009EBC45 /* Assets.xcassets */ = {isa = PBXFileReference; lastKnownFileType = folder.assetcatalog; path = Assets.xcassets; sourceTree = "<group>"; };
		3BF93497271AF545009EBC45 /* LocalFileManager.swift */ = {isa = PBXFileReference; lastKnownFileType = sourcecode.swift; path = LocalFileManager.swift; sourceTree = "<group>"; };
		3BF93499271B06AF009EBC45 /* SearchBarView.swift */ = {isa = PBXFileReference; lastKnownFileType = sourcecode.swift; path = SearchBarView.swift; sourceTree = "<group>"; };
		3BF9349B271B0C9C009EBC45 /* UIApplication.swift */ = {isa = PBXFileReference; lastKnownFileType = sourcecode.swift; path = UIApplication.swift; sourceTree = "<group>"; };
		3BF9349D271B1294009EBC45 /* StatisticModel.swift */ = {isa = PBXFileReference; lastKnownFileType = sourcecode.swift; path = StatisticModel.swift; sourceTree = "<group>"; };
		3BF9349F271B13C9009EBC45 /* StatisticView.swift */ = {isa = PBXFileReference; lastKnownFileType = sourcecode.swift; path = StatisticView.swift; sourceTree = "<group>"; };
		3BF934A1271B164F009EBC45 /* HomeStatsView.swift */ = {isa = PBXFileReference; lastKnownFileType = sourcecode.swift; path = HomeStatsView.swift; sourceTree = "<group>"; };
		3BF934A5271B1F2D009EBC45 /* MarketDataModel.swift */ = {isa = PBXFileReference; fileEncoding = 4; lastKnownFileType = sourcecode.swift; name = MarketDataModel.swift; path = ../../../../../../../Downloads/Education/Resources/Models/MarketDataModel.swift; sourceTree = "<group>"; };
		3BF934A7271B2AA8009EBC45 /* MarketDataService.swift */ = {isa = PBXFileReference; lastKnownFileType = sourcecode.swift; path = MarketDataService.swift; sourceTree = "<group>"; };
		3BFD69F9271ED1A300DFB831 /* DetailView.swift */ = {isa = PBXFileReference; lastKnownFileType = sourcecode.swift; path = DetailView.swift; sourceTree = "<group>"; };
		3BFD69FB271EDD1600DFB831 /* CoinDetailModel.swift */ = {isa = PBXFileReference; lastKnownFileType = sourcecode.swift; path = CoinDetailModel.swift; sourceTree = "<group>"; };
		3BFD69FD271EDD5C00DFB831 /* String.swift */ = {isa = PBXFileReference; lastKnownFileType = sourcecode.swift; path = String.swift; sourceTree = "<group>"; };
		3BFD69FF271EDDB100DFB831 /* DetailViewModel.swift */ = {isa = PBXFileReference; lastKnownFileType = sourcecode.swift; path = DetailViewModel.swift; sourceTree = "<group>"; };
		3BFD6A01271EDDEF00DFB831 /* CoinDetailDataService.swift */ = {isa = PBXFileReference; lastKnownFileType = sourcecode.swift; path = CoinDetailDataService.swift; sourceTree = "<group>"; };
		3BFD6A03271F033200DFB831 /* ChartView.swift */ = {isa = PBXFileReference; lastKnownFileType = sourcecode.swift; path = ChartView.swift; sourceTree = "<group>"; };
		3BFD6A05271F0A4100DFB831 /* Date.swift */ = {isa = PBXFileReference; lastKnownFileType = sourcecode.swift; path = Date.swift; sourceTree = "<group>"; };
/* End PBXFileReference section */

/* Begin PBXFrameworksBuildPhase section */
		3BA7B0852713053C002CB934 /* Frameworks */ = {
			isa = PBXFrameworksBuildPhase;
			buildActionMask = 2147483647;
			files = (
			);
			runOnlyForDeploymentPostprocessing = 0;
		};
/* End PBXFrameworksBuildPhase section */

/* Begin PBXGroup section */
		3B069CD127140FB5000B1F3F /* CoinImage */ = {
			isa = PBXGroup;
			children = (
				3B069CD227140FCE000B1F3F /* CoinImageView.swift */,
				3B069CD6271412B1000B1F3F /* CoinImageViewModel.swift */,
				3BA47533271BF97400A6E158 /* CoinLogoView.swift */,
			);
			path = CoinImage;
			sourceTree = "<group>";
		};
		3B2F24E8271FE34B00D7F8EA /* Settings */ = {
			isa = PBXGroup;
			children = (
				3B2F24E9271FE35900D7F8EA /* Views */,
			);
			path = Settings;
			sourceTree = "<group>";
		};
		3B2F24E9271FE35900D7F8EA /* Views */ = {
			isa = PBXGroup;
			children = (
				3B2F24EA271FE37000D7F8EA /* SettingsView.swift */,
			);
			path = Views;
			sourceTree = "<group>";
		};
		3B2F24EC271FEE5B00D7F8EA /* Launch */ = {
			isa = PBXGroup;
			children = (
				3B2F24EF271FF02F00D7F8EA /* Views */,
				3B2F24ED271FEE8E00D7F8EA /* LaunchScreen.storyboard */,
			);
			path = Launch;
			sourceTree = "<group>";
		};
		3B2F24EF271FF02F00D7F8EA /* Views */ = {
			isa = PBXGroup;
			children = (
				3B2F24F0271FF04600D7F8EA /* LaunchView.swift */,
			);
			path = Views;
			sourceTree = "<group>";
		};
		3BA7B07F2713053C002CB934 = {
			isa = PBXGroup;
			children = (
				3BA7B08A2713053C002CB934 /* CryptoCurrency */,
				3BA7B0892713053C002CB934 /* Products */,
			);
			sourceTree = "<group>";
		};
		3BA7B0892713053C002CB934 /* Products */ = {
			isa = PBXGroup;
			children = (
				3BA7B0882713053C002CB934 /* Crypto Tracker.app */,
			);
			name = Products;
			sourceTree = "<group>";
		};
		3BA7B08A2713053C002CB934 /* CryptoCurrency */ = {
			isa = PBXGroup;
			children = (
				3BA7B08B2713053C002CB934 /* CryptoCurrencyApp.swift */,
				3BA7B0B8271361E0002CB934 /* Utilities */,
				3BA7B09B27130604002CB934 /* Extensions */,
				3BA7B0B527133844002CB934 /* Services */,
				3BA7B0AA27130F0A002CB934 /* Models */,
				3BA7B09E27130789002CB934 /* Core */,
				3BA7B08D2713053C002CB934 /* ContentView.swift */,
				3BF93493271AF4AD009EBC45 /* Assets.xcassets */,
				3BA7B0912713053E002CB934 /* Preview Content */,
			);
			path = CryptoCurrency;
			sourceTree = "<group>";
		};
		3BA7B0912713053E002CB934 /* Preview Content */ = {
			isa = PBXGroup;
			children = (
				3BA7B0922713053E002CB934 /* Preview Assets.xcassets */,
			);
			path = "Preview Content";
			sourceTree = "<group>";
		};
		3BA7B09B27130604002CB934 /* Extensions */ = {
			isa = PBXGroup;
			children = (
				3BA7B09C2713061A002CB934 /* Color.swift */,
				3BA7B0AF27131C7A002CB934 /* PreviewProvider.swift */,
				3BA7B0B127131F9E002CB934 /* Double.swift */,
				3BF9349B271B0C9C009EBC45 /* UIApplication.swift */,
				3BFD69FD271EDD5C00DFB831 /* String.swift */,
				3BFD6A05271F0A4100DFB831 /* Date.swift */,
			);
			path = Extensions;
			sourceTree = "<group>";
		};
		3BA7B09E27130789002CB934 /* Core */ = {
			isa = PBXGroup;
			children = (
				3BA7B0A42713088D002CB934 /* Components */,
				3B2F24EC271FEE5B00D7F8EA /* Launch */,
				3BA7B09F27130796002CB934 /* Home */,
				3BFD69F4271ED12E00DFB831 /* Detail */,
				3B2F24E8271FE34B00D7F8EA /* Settings */,
			);
			path = Core;
			sourceTree = "<group>";
		};
		3BA7B09F27130796002CB934 /* Home */ = {
			isa = PBXGroup;
			children = (
				3BA7B0A1271307AB002CB934 /* ViewModels */,
				3BA7B0A0271307A4002CB934 /* Views */,
			);
			path = Home;
			sourceTree = "<group>";
		};
		3BA7B0A0271307A4002CB934 /* Views */ = {
			isa = PBXGroup;
			children = (
				3BA7B0A2271307C7002CB934 /* HomeView.swift */,
				3BA7B0AD27131C1C002CB934 /* CoinRowView.swift */,
				3BF934A1271B164F009EBC45 /* HomeStatsView.swift */,
				3BA4752F271BF65A00A6E158 /* PortfolioView.swift */,
			);
			path = Views;
			sourceTree = "<group>";
		};
		3BA7B0A1271307AB002CB934 /* ViewModels */ = {
			isa = PBXGroup;
			children = (
				3BA7B0B32713291A002CB934 /* HomeViewModel.swift */,
			);
			path = ViewModels;
			sourceTree = "<group>";
		};
		3BA7B0A42713088D002CB934 /* Components */ = {
			isa = PBXGroup;
			children = (
				3B069CD127140FB5000B1F3F /* CoinImage */,
				3BA7B0A5271308A1002CB934 /* CircleButton */,
				3BF93499271B06AF009EBC45 /* SearchBarView.swift */,
				3BF9349F271B13C9009EBC45 /* StatisticView.swift */,
				3BA47531271BF72100A6E158 /* XMarkButton.swift */,
			);
			path = Components;
			sourceTree = "<group>";
		};
		3BA7B0A5271308A1002CB934 /* CircleButton */ = {
			isa = PBXGroup;
			children = (
				3BA7B0A6271308B4002CB934 /* CircleButtonView.swift */,
				3BA7B0A827130BD0002CB934 /* CircleButtonAnimationView.swift */,
			);
			path = CircleButton;
			sourceTree = "<group>";
		};
		3BA7B0AA27130F0A002CB934 /* Models */ = {
			isa = PBXGroup;
			children = (
				3BA7B0AB27130F1B002CB934 /* CoinModel.swift */,
				3BF9349D271B1294009EBC45 /* StatisticModel.swift */,
				3BF934A5271B1F2D009EBC45 /* MarketDataModel.swift */,
				3BA47535271C062900A6E158 /* PortfolioContainer.xcdatamodeld */,
				3BFD69FB271EDD1600DFB831 /* CoinDetailModel.swift */,
			);
			path = Models;
			sourceTree = "<group>";
		};
		3BA7B0B527133844002CB934 /* Services */ = {
			isa = PBXGroup;
			children = (
				3BA7B0B6271338A4002CB934 /* CoinDataService.swift */,
				3BFD6A01271EDDEF00DFB831 /* CoinDetailDataService.swift */,
				3B069CD427141145000B1F3F /* CoinImageService.swift */,
				3BF934A7271B2AA8009EBC45 /* MarketDataService.swift */,
				3BA47538271C069B00A6E158 /* PortfolioDataService.swift */,
			);
			path = Services;
			sourceTree = "<group>";
		};
		3BA7B0B8271361E0002CB934 /* Utilities */ = {
			isa = PBXGroup;
			children = (
				3BA7B0B9271361F9002CB934 /* NetworkingManager.swift */,
				3BF93497271AF545009EBC45 /* LocalFileManager.swift */,
				3BA4753A271C3B9700A6E158 /* HapticManager.swift */,
			);
			path = Utilities;
			sourceTree = "<group>";
		};
		3BFD69F4271ED12E00DFB831 /* Detail */ = {
			isa = PBXGroup;
			children = (
				3BFD69F6271ED15F00DFB831 /* Views */,
				3BFD69F5271ED15300DFB831 /* ViewModels */,
			);
			path = Detail;
			sourceTree = "<group>";
		};
		3BFD69F5271ED15300DFB831 /* ViewModels */ = {
			isa = PBXGroup;
			children = (
				3BFD69FF271EDDB100DFB831 /* DetailViewModel.swift */,
			);
			path = ViewModels;
			sourceTree = "<group>";
		};
		3BFD69F6271ED15F00DFB831 /* Views */ = {
			isa = PBXGroup;
			children = (
				3BFD69F9271ED1A300DFB831 /* DetailView.swift */,
				3BFD6A03271F033200DFB831 /* ChartView.swift */,
			);
			path = Views;
			sourceTree = "<group>";
		};
/* End PBXGroup section */

/* Begin PBXNativeTarget section */
		3BA7B0872713053C002CB934 /* CryptoCurrency */ = {
			isa = PBXNativeTarget;
			buildConfigurationList = 3BA7B0962713053E002CB934 /* Build configuration list for PBXNativeTarget "CryptoCurrency" */;
			buildPhases = (
				3BA7B0842713053C002CB934 /* Sources */,
				3BA7B0852713053C002CB934 /* Frameworks */,
				3BA7B0862713053C002CB934 /* Resources */,
			);
			buildRules = (
			);
			dependencies = (
			);
			name = CryptoCurrency;
			productName = CryptoCurrency;
			productReference = 3BA7B0882713053C002CB934 /* Crypto Tracker.app */;
			productType = "com.apple.product-type.application";
		};
/* End PBXNativeTarget section */

/* Begin PBXProject section */
		3BA7B0802713053C002CB934 /* Project object */ = {
			isa = PBXProject;
			attributes = {
				BuildIndependentTargetsInParallel = 1;
				LastSwiftUpdateCheck = 1300;
				LastUpgradeCheck = 1300;
				TargetAttributes = {
					3BA7B0872713053C002CB934 = {
						CreatedOnToolsVersion = 13.0;
					};
				};
			};
			buildConfigurationList = 3BA7B0832713053C002CB934 /* Build configuration list for PBXProject "CryptoCurrency" */;
			compatibilityVersion = "Xcode 13.0";
			developmentRegion = en;
			hasScannedForEncodings = 0;
			knownRegions = (
				en,
				Base,
			);
			mainGroup = 3BA7B07F2713053C002CB934;
			productRefGroup = 3BA7B0892713053C002CB934 /* Products */;
			projectDirPath = "";
			projectRoot = "";
			targets = (
				3BA7B0872713053C002CB934 /* CryptoCurrency */,
			);
		};
/* End PBXProject section */

/* Begin PBXResourcesBuildPhase section */
		3BA7B0862713053C002CB934 /* Resources */ = {
			isa = PBXResourcesBuildPhase;
			buildActionMask = 2147483647;
			files = (
				3B2F24EE271FEE8E00D7F8EA /* LaunchScreen.storyboard in Resources */,
				3BF93494271AF4AD009EBC45 /* Assets.xcassets in Resources */,
				3BA7B0932713053E002CB934 /* Preview Assets.xcassets in Resources */,
			);
			runOnlyForDeploymentPostprocessing = 0;
		};
/* End PBXResourcesBuildPhase section */

/* Begin PBXSourcesBuildPhase section */
		3BA7B0842713053C002CB934 /* Sources */ = {
			isa = PBXSourcesBuildPhase;
			buildActionMask = 2147483647;
			files = (
				3BA47537271C062900A6E158 /* PortfolioContainer.xcdatamodeld in Sources */,
				3BF9349E271B1294009EBC45 /* StatisticModel.swift in Sources */,
				3BA7B0B7271338A4002CB934 /* CoinDataService.swift in Sources */,
				3BA7B0AE27131C1C002CB934 /* CoinRowView.swift in Sources */,
				3BA47532271BF72100A6E158 /* XMarkButton.swift in Sources */,
				3BA7B0B42713291A002CB934 /* HomeViewModel.swift in Sources */,
				3BA7B08E2713053C002CB934 /* ContentView.swift in Sources */,
				3BF93498271AF545009EBC45 /* LocalFileManager.swift in Sources */,
				3BF934A6271B1F2D009EBC45 /* MarketDataModel.swift in Sources */,
				3BA7B0A3271307C7002CB934 /* HomeView.swift in Sources */,
				3BF934A0271B13C9009EBC45 /* StatisticView.swift in Sources */,
				3B069CD327140FCE000B1F3F /* CoinImageView.swift in Sources */,
				3BFD69FE271EDD5C00DFB831 /* String.swift in Sources */,
				3BA7B08C2713053C002CB934 /* CryptoCurrencyApp.swift in Sources */,
				3BF9349C271B0C9C009EBC45 /* UIApplication.swift in Sources */,
				3BA7B0A7271308B4002CB934 /* CircleButtonView.swift in Sources */,
				3B2F24F1271FF04600D7F8EA /* LaunchView.swift in Sources */,
				3BA7B09D2713061A002CB934 /* Color.swift in Sources */,
				3BFD6A00271EDDB100DFB831 /* DetailViewModel.swift in Sources */,
				3BFD69FA271ED1A300DFB831 /* DetailView.swift in Sources */,
				3BA4753B271C3B9700A6E158 /* HapticManager.swift in Sources */,
				3BF9349A271B06AF009EBC45 /* SearchBarView.swift in Sources */,
				3BA7B0BA271361F9002CB934 /* NetworkingManager.swift in Sources */,
				3BA47534271BF97400A6E158 /* CoinLogoView.swift in Sources */,
				3BFD6A04271F033200DFB831 /* ChartView.swift in Sources */,
				3BF934A2271B164F009EBC45 /* HomeStatsView.swift in Sources */,
				3BF934A8271B2AA8009EBC45 /* MarketDataService.swift in Sources */,
				3BA7B0A927130BD0002CB934 /* CircleButtonAnimationView.swift in Sources */,
				3BFD6A02271EDDEF00DFB831 /* CoinDetailDataService.swift in Sources */,
				3B069CD7271412B1000B1F3F /* CoinImageViewModel.swift in Sources */,
				3BA7B0B027131C7A002CB934 /* PreviewProvider.swift in Sources */,
				3BA47530271BF65A00A6E158 /* PortfolioView.swift in Sources */,
				3BFD6A06271F0A4100DFB831 /* Date.swift in Sources */,
				3BA7B0B227131F9E002CB934 /* Double.swift in Sources */,
				3B069CD527141145000B1F3F /* CoinImageService.swift in Sources */,
				3BFD69FC271EDD1600DFB831 /* CoinDetailModel.swift in Sources */,
				3BA7B0AC27130F1B002CB934 /* CoinModel.swift in Sources */,
				3BA47539271C069B00A6E158 /* PortfolioDataService.swift in Sources */,
				3B2F24EB271FE37000D7F8EA /* SettingsView.swift in Sources */,
			);
			runOnlyForDeploymentPostprocessing = 0;
		};
/* End PBXSourcesBuildPhase section */

/* Begin XCBuildConfiguration section */
		3BA7B0942713053E002CB934 /* Debug */ = {
			isa = XCBuildConfiguration;
			buildSettings = {
				ALWAYS_SEARCH_USER_PATHS = NO;
				CLANG_ANALYZER_NONNULL = YES;
				CLANG_ANALYZER_NUMBER_OBJECT_CONVERSION = YES_AGGRESSIVE;
				CLANG_CXX_LANGUAGE_STANDARD = "gnu++17";
				CLANG_CXX_LIBRARY = "libc++";
				CLANG_ENABLE_MODULES = YES;
				CLANG_ENABLE_OBJC_ARC = YES;
				CLANG_ENABLE_OBJC_WEAK = YES;
				CLANG_WARN_BLOCK_CAPTURE_AUTORELEASING = YES;
				CLANG_WARN_BOOL_CONVERSION = YES;
				CLANG_WARN_COMMA = YES;
				CLANG_WARN_CONSTANT_CONVERSION = YES;
				CLANG_WARN_DEPRECATED_OBJC_IMPLEMENTATIONS = YES;
				CLANG_WARN_DIRECT_OBJC_ISA_USAGE = YES_ERROR;
				CLANG_WARN_DOCUMENTATION_COMMENTS = YES;
				CLANG_WARN_EMPTY_BODY = YES;
				CLANG_WARN_ENUM_CONVERSION = YES;
				CLANG_WARN_INFINITE_RECURSION = YES;
				CLANG_WARN_INT_CONVERSION = YES;
				CLANG_WARN_NON_LITERAL_NULL_CONVERSION = YES;
				CLANG_WARN_OBJC_IMPLICIT_RETAIN_SELF = YES;
				CLANG_WARN_OBJC_LITERAL_CONVERSION = YES;
				CLANG_WARN_OBJC_ROOT_CLASS = YES_ERROR;
				CLANG_WARN_QUOTED_INCLUDE_IN_FRAMEWORK_HEADER = YES;
				CLANG_WARN_RANGE_LOOP_ANALYSIS = YES;
				CLANG_WARN_STRICT_PROTOTYPES = YES;
				CLANG_WARN_SUSPICIOUS_MOVE = YES;
				CLANG_WARN_UNGUARDED_AVAILABILITY = YES_AGGRESSIVE;
				CLANG_WARN_UNREACHABLE_CODE = YES;
				CLANG_WARN__DUPLICATE_METHOD_MATCH = YES;
				COPY_PHASE_STRIP = NO;
				DEBUG_INFORMATION_FORMAT = dwarf;
				ENABLE_STRICT_OBJC_MSGSEND = YES;
				ENABLE_TESTABILITY = YES;
				GCC_C_LANGUAGE_STANDARD = gnu11;
				GCC_DYNAMIC_NO_PIC = NO;
				GCC_NO_COMMON_BLOCKS = YES;
				GCC_OPTIMIZATION_LEVEL = 0;
				GCC_PREPROCESSOR_DEFINITIONS = (
					"DEBUG=1",
					"$(inherited)",
				);
				GCC_WARN_64_TO_32_BIT_CONVERSION = YES;
				GCC_WARN_ABOUT_RETURN_TYPE = YES_ERROR;
				GCC_WARN_UNDECLARED_SELECTOR = YES;
				GCC_WARN_UNINITIALIZED_AUTOS = YES_AGGRESSIVE;
				GCC_WARN_UNUSED_FUNCTION = YES;
				GCC_WARN_UNUSED_VARIABLE = YES;
				IPHONEOS_DEPLOYMENT_TARGET = 15.0;
				MTL_ENABLE_DEBUG_INFO = INCLUDE_SOURCE;
				MTL_FAST_MATH = YES;
				ONLY_ACTIVE_ARCH = YES;
				SDKROOT = iphoneos;
				SWIFT_ACTIVE_COMPILATION_CONDITIONS = DEBUG;
				SWIFT_OPTIMIZATION_LEVEL = "-Onone";
			};
			name = Debug;
		};
		3BA7B0952713053E002CB934 /* Release */ = {
			isa = XCBuildConfiguration;
			buildSettings = {
				ALWAYS_SEARCH_USER_PATHS = NO;
				CLANG_ANALYZER_NONNULL = YES;
				CLANG_ANALYZER_NUMBER_OBJECT_CONVERSION = YES_AGGRESSIVE;
				CLANG_CXX_LANGUAGE_STANDARD = "gnu++17";
				CLANG_CXX_LIBRARY = "libc++";
				CLANG_ENABLE_MODULES = YES;
				CLANG_ENABLE_OBJC_ARC = YES;
				CLANG_ENABLE_OBJC_WEAK = YES;
				CLANG_WARN_BLOCK_CAPTURE_AUTORELEASING = YES;
				CLANG_WARN_BOOL_CONVERSION = YES;
				CLANG_WARN_COMMA = YES;
				CLANG_WARN_CONSTANT_CONVERSION = YES;
				CLANG_WARN_DEPRECATED_OBJC_IMPLEMENTATIONS = YES;
				CLANG_WARN_DIRECT_OBJC_ISA_USAGE = YES_ERROR;
				CLANG_WARN_DOCUMENTATION_COMMENTS = YES;
				CLANG_WARN_EMPTY_BODY = YES;
				CLANG_WARN_ENUM_CONVERSION = YES;
				CLANG_WARN_INFINITE_RECURSION = YES;
				CLANG_WARN_INT_CONVERSION = YES;
				CLANG_WARN_NON_LITERAL_NULL_CONVERSION = YES;
				CLANG_WARN_OBJC_IMPLICIT_RETAIN_SELF = YES;
				CLANG_WARN_OBJC_LITERAL_CONVERSION = YES;
				CLANG_WARN_OBJC_ROOT_CLASS = YES_ERROR;
				CLANG_WARN_QUOTED_INCLUDE_IN_FRAMEWORK_HEADER = YES;
				CLANG_WARN_RANGE_LOOP_ANALYSIS = YES;
				CLANG_WARN_STRICT_PROTOTYPES = YES;
				CLANG_WARN_SUSPICIOUS_MOVE = YES;
				CLANG_WARN_UNGUARDED_AVAILABILITY = YES_AGGRESSIVE;
				CLANG_WARN_UNREACHABLE_CODE = YES;
				CLANG_WARN__DUPLICATE_METHOD_MATCH = YES;
				COPY_PHASE_STRIP = NO;
				DEBUG_INFORMATION_FORMAT = "dwarf-with-dsym";
				ENABLE_NS_ASSERTIONS = NO;
				ENABLE_STRICT_OBJC_MSGSEND = YES;
				GCC_C_LANGUAGE_STANDARD = gnu11;
				GCC_NO_COMMON_BLOCKS = YES;
				GCC_WARN_64_TO_32_BIT_CONVERSION = YES;
				GCC_WARN_ABOUT_RETURN_TYPE = YES_ERROR;
				GCC_WARN_UNDECLARED_SELECTOR = YES;
				GCC_WARN_UNINITIALIZED_AUTOS = YES_AGGRESSIVE;
				GCC_WARN_UNUSED_FUNCTION = YES;
				GCC_WARN_UNUSED_VARIABLE = YES;
				IPHONEOS_DEPLOYMENT_TARGET = 15.0;
				MTL_ENABLE_DEBUG_INFO = NO;
				MTL_FAST_MATH = YES;
				SDKROOT = iphoneos;
				SWIFT_COMPILATION_MODE = wholemodule;
				SWIFT_OPTIMIZATION_LEVEL = "-O";
				VALIDATE_PRODUCT = YES;
			};
			name = Release;
		};
		3BA7B0972713053E002CB934 /* Debug */ = {
			isa = XCBuildConfiguration;
			buildSettings = {
				ASSETCATALOG_COMPILER_APPICON_NAME = AppIcon;
				ASSETCATALOG_COMPILER_GLOBAL_ACCENT_COLOR_NAME = AccentColor;
				CODE_SIGN_STYLE = Automatic;
				CURRENT_PROJECT_VERSION = 1;
				DEVELOPMENT_ASSET_PATHS = "\"CryptoCurrency/Preview Content\"";
				DEVELOPMENT_TEAM = P769H4PLMU;
				ENABLE_PREVIEWS = YES;
				GENERATE_INFOPLIST_FILE = YES;
				INFOPLIST_KEY_UIApplicationSceneManifest_Generation = YES;
				INFOPLIST_KEY_UIApplicationSupportsIndirectInputEvents = YES;
				INFOPLIST_KEY_UILaunchStoryboardName = LaunchScreen;
				INFOPLIST_KEY_UISupportedInterfaceOrientations = UIInterfaceOrientationPortrait;
				INFOPLIST_KEY_UISupportedInterfaceOrientations_iPad = "UIInterfaceOrientationPortrait UIInterfaceOrientationPortraitUpsideDown UIInterfaceOrientationLandscapeLeft UIInterfaceOrientationLandscapeRight";
				INFOPLIST_KEY_UISupportedInterfaceOrientations_iPhone = "UIInterfaceOrientationPortrait UIInterfaceOrientationLandscapeLeft UIInterfaceOrientationLandscapeRight";
				IPHONEOS_DEPLOYMENT_TARGET = 14.0;
				LD_RUNPATH_SEARCH_PATHS = (
					"$(inherited)",
					"@executable_path/Frameworks",
				);
				MARKETING_VERSION = 1.0;
				PRODUCT_BUNDLE_IDENTIFIER = com.Prithvish.CryptoCurrency.CryptoCurrency;
				PRODUCT_NAME = "Crypto Tracker";
				SWIFT_EMIT_LOC_STRINGS = YES;
				SWIFT_VERSION = 5.0;
				TARGETED_DEVICE_FAMILY = "1,2";
			};
			name = Debug;
		};
		3BA7B0982713053E002CB934 /* Release */ = {
			isa = XCBuildConfiguration;
			buildSettings = {
				ASSETCATALOG_COMPILER_APPICON_NAME = AppIcon;
				ASSETCATALOG_COMPILER_GLOBAL_ACCENT_COLOR_NAME = AccentColor;
				CODE_SIGN_STYLE = Automatic;
				CURRENT_PROJECT_VERSION = 1;
				DEVELOPMENT_ASSET_PATHS = "\"CryptoCurrency/Preview Content\"";
				DEVELOPMENT_TEAM = P769H4PLMU;
				ENABLE_PREVIEWS = YES;
				GENERATE_INFOPLIST_FILE = YES;
				INFOPLIST_KEY_UIApplicationSceneManifest_Generation = YES;
				INFOPLIST_KEY_UIApplicationSupportsIndirectInputEvents = YES;
				INFOPLIST_KEY_UILaunchStoryboardName = LaunchScreen;
				INFOPLIST_KEY_UISupportedInterfaceOrientations = UIInterfaceOrientationPortrait;
				INFOPLIST_KEY_UISupportedInterfaceOrientations_iPad = "UIInterfaceOrientationPortrait UIInterfaceOrientationPortraitUpsideDown UIInterfaceOrientationLandscapeLeft UIInterfaceOrientationLandscapeRight";
				INFOPLIST_KEY_UISupportedInterfaceOrientations_iPhone = "UIInterfaceOrientationPortrait UIInterfaceOrientationLandscapeLeft UIInterfaceOrientationLandscapeRight";
				IPHONEOS_DEPLOYMENT_TARGET = 14.0;
				LD_RUNPATH_SEARCH_PATHS = (
					"$(inherited)",
					"@executable_path/Frameworks",
				);
				MARKETING_VERSION = 1.0;
				PRODUCT_BUNDLE_IDENTIFIER = com.Prithvish.CryptoCurrency.CryptoCurrency;
				PRODUCT_NAME = "Crypto Tracker";
				SWIFT_EMIT_LOC_STRINGS = YES;
				SWIFT_VERSION = 5.0;
				TARGETED_DEVICE_FAMILY = "1,2";
			};
			name = Release;
		};
/* End XCBuildConfiguration section */

/* Begin XCConfigurationList section */
		3BA7B0832713053C002CB934 /* Build configuration list for PBXProject "CryptoCurrency" */ = {
			isa = XCConfigurationList;
			buildConfigurations = (
				3BA7B0942713053E002CB934 /* Debug */,
				3BA7B0952713053E002CB934 /* Release */,
			);
			defaultConfigurationIsVisible = 0;
			defaultConfigurationName = Release;
		};
		3BA7B0962713053E002CB934 /* Build configuration list for PBXNativeTarget "CryptoCurrency" */ = {
			isa = XCConfigurationList;
			buildConfigurations = (
				3BA7B0972713053E002CB934 /* Debug */,
				3BA7B0982713053E002CB934 /* Release */,
			);
			defaultConfigurationIsVisible = 0;
			defaultConfigurationName = Release;
		};
/* End XCConfigurationList section */

/* Begin XCVersionGroup section */
		3BA47535271C062900A6E158 /* PortfolioContainer.xcdatamodeld */ = {
			isa = XCVersionGroup;
			children = (
				3BA47536271C062900A6E158 /* PortfolioContainer.xcdatamodel */,
			);
			currentVersion = 3BA47536271C062900A6E158 /* PortfolioContainer.xcdatamodel */;
			path = PortfolioContainer.xcdatamodeld;
			sourceTree = "<group>";
			versionGroupType = wrapper.xcdatamodel;
		};
/* End XCVersionGroup section */
	};
	rootObject = 3BA7B0802713053C002CB934 /* Project object */;
}
